
Microsoft Visual Studio Solution File, Format Version 12.00
# Visual Studio Version 16
VisualStudioVersion = 25.0.1706.7
MinimumVisualStudioVersion = 10.0.40219.1
Project("{FAE04EC0-301F-11D3-BF4B-00C04F79EFBC}") = "BuilderPattern__3", "BuilderPattern__3\BuilderPattern__3.csproj", "{22B7CFAE-7531-4B2E-84AB-C15DAAC4AD18}"
EndProject
Global
	GlobalSection(SolutionConfigurationPlatforms) = preSolution
		Debug|Any CPU = Debug|Any CPU
		Release|Any CPU = Release|Any CPU
	EndGlobalSection
	GlobalSection(ProjectConfigurationPlatforms) = postSolution
		{22B7CFAE-7531-4B2E-84AB-C15DAAC4AD18}.Debug|Any CPU.ActiveCfg = Debug|Any CPU
		{22B7CFAE-7531-4B2E-84AB-C15DAAC4AD18}.Debug|Any CPU.Build.0 = Debug|Any CPU
		{22B7CFAE-7531-4B2E-84AB-C15DAAC4AD18}.Release|Any CPU.ActiveCfg = Release|Any CPU
		{22B7CFAE-7531-4B2E-84AB-C15DAAC4AD18}.Release|Any CPU.Build.0 = Release|Any CPU
	EndGlobalSection
	GlobalSection(SolutionProperties) = preSolution
		HideSolutionNode = FALSE
	EndGlobalSection
	GlobalSection(ExtensibilityGlobals) = postSolution
		SolutionGuid = {40FE2443-F62D-4137-BE62-02BD3B3A1C48}
	EndGlobalSection
EndGlobal
