
Microsoft Visual Studio Solution File, Format Version 12.00
# Visual Studio Version 16
VisualStudioVersion = 25.0.1706.7
MinimumVisualStudioVersion = 10.0.40219.1
Project("{FAE04EC0-301F-11D3-BF4B-00C04F79EFBC}") = "FactoryMethod_1", "FactoryMethod_1.csproj", "{30DF5D7F-8A2A-4347-ABD2-D654CA329094}"
EndProject
Global
	GlobalSection(SolutionConfigurationPlatforms) = preSolution
		Debug|Any CPU = Debug|Any CPU
		Release|Any CPU = Release|Any CPU
	EndGlobalSection
	GlobalSection(ProjectConfigurationPlatforms) = postSolution
		{30DF5D7F-8A2A-4347-ABD2-D654CA329094}.Debug|Any CPU.ActiveCfg = Debug|Any CPU
		{30DF5D7F-8A2A-4347-ABD2-D654CA329094}.Debug|Any CPU.Build.0 = Debug|Any CPU
		{30DF5D7F-8A2A-4347-ABD2-D654CA329094}.Release|Any CPU.ActiveCfg = Release|Any CPU
		{30DF5D7F-8A2A-4347-ABD2-D654CA329094}.Release|Any CPU.Build.0 = Release|Any CPU
	EndGlobalSection
	GlobalSection(SolutionProperties) = preSolution
		HideSolutionNode = FALSE
	EndGlobalSection
	GlobalSection(ExtensibilityGlobals) = postSolution
		SolutionGuid = {7D2187FB-D46F-4A5B-B6CA-E5A9F940CF53}
	EndGlobalSection
EndGlobal
